
Microsoft Visual Studio Solution File, Format Version 12.00
# Visual Studio Version 17
VisualStudioVersion = 17.10.35027.167
MinimumVisualStudioVersion = 10.0.40219.1
Project("{FAE04EC0-301F-11D3-BF4B-00C04F79EFBC}") = "Template Integration in Dot Net", "Template Integration in Dot Net\Template Integration in Dot Net.csproj", "{0B2FBA6A-BF7F-4447-9A80-AC263DA1A5A4}"
EndProject
Global
	GlobalSection(SolutionConfigurationPlatforms) = preSolution
		Debug|Any CPU = Debug|Any CPU
		Release|Any CPU = Release|Any CPU
	EndGlobalSection
	GlobalSection(ProjectConfigurationPlatforms) = postSolution
		{0B2FBA6A-BF7F-4447-9A80-AC263DA1A5A4}.Debug|Any CPU.ActiveCfg = Debug|Any CPU
		{0B2FBA6A-BF7F-4447-9A80-AC263DA1A5A4}.Debug|Any CPU.Build.0 = Debug|Any CPU
		{0B2FBA6A-BF7F-4447-9A80-AC263DA1A5A4}.Release|Any CPU.ActiveCfg = Release|Any CPU
		{0B2FBA6A-BF7F-4447-9A80-AC263DA1A5A4}.Release|Any CPU.Build.0 = Release|Any CPU
	EndGlobalSection
	GlobalSection(SolutionProperties) = preSolution
		HideSolutionNode = FALSE
	EndGlobalSection
	GlobalSection(ExtensibilityGlobals) = postSolution
		SolutionGuid = {2E140EEC-691E-4041-BD7A-2CBE74C6EF84}
	EndGlobalSection
EndGlobal
